
Microsoft Visual Studio Solution File, Format Version 12.00
# Visual Studio Version 16
VisualStudioVersion = 16.0.32228.343
MinimumVisualStudioVersion = 10.0.40219.1
Project("{FAE04EC0-301F-11D3-BF4B-00C04F79EFBC}") = "Dish-Decision-Project", "Dish-Decision-Project\Dish-Decision-Project.csproj", "{FF09A9E5-6E81-48B7-B9ED-AE4DA0335C81}"
EndProject
Global
	GlobalSection(SolutionConfigurationPlatforms) = preSolution
		Debug|Any CPU = Debug|Any CPU
		Release|Any CPU = Release|Any CPU
	EndGlobalSection
	GlobalSection(ProjectConfigurationPlatforms) = postSolution
		{FF09A9E5-6E81-48B7-B9ED-AE4DA0335C81}.Debug|Any CPU.ActiveCfg = Debug|Any CPU
		{FF09A9E5-6E81-48B7-B9ED-AE4DA0335C81}.Debug|Any CPU.Build.0 = Debug|Any CPU
		{FF09A9E5-6E81-48B7-B9ED-AE4DA0335C81}.Release|Any CPU.ActiveCfg = Release|Any CPU
		{FF09A9E5-6E81-48B7-B9ED-AE4DA0335C81}.Release|Any CPU.Build.0 = Release|Any CPU
	EndGlobalSection
	GlobalSection(SolutionProperties) = preSolution
		HideSolutionNode = FALSE
	EndGlobalSection
	GlobalSection(ExtensibilityGlobals) = postSolution
		SolutionGuid = {E5923AE5-4B0F-4D4F-A66D-8071BDEED3DF}
	EndGlobalSection
EndGlobal
